
Microsoft Visual Studio Solution File, Format Version 12.00
# Visual Studio 14
VisualStudioVersion = 14.0.25420.1
MinimumVisualStudioVersion = 10.0.40219.1
Project("{8BC9CEB8-8B4A-11D0-8D11-00A0C91BC942}") = "2-1", "2-1.cpp\2-1.cpp.vcxproj", "{812CE2C5-A5EB-40AE-B6D0-0F30B56B9E81}"
EndProject
Project("{8BC9CEB8-8B4A-11D0-8D11-00A0C91BC942}") = "2-2", "2-2\2-2.vcxproj", "{E10C71DC-2B56-487E-AC3A-CDDCA9959C0D}"
EndProject
Project("{8BC9CEB8-8B4A-11D0-8D11-00A0C91BC942}") = "2-3", "2-3\2-3.vcxproj", "{2EEE3C12-8A52-45F1-94FF-DEACA8B4C77E}"
EndProject
Project("{8BC9CEB8-8B4A-11D0-8D11-00A0C91BC942}") = "2-4", "2-4\2-4.vcxproj", "{9860E363-927F-4F9A-9C63-EA6E3E2A9CF8}"
EndProject
Project("{8BC9CEB8-8B4A-11D0-8D11-00A0C91BC942}") = "2-5", "2-5\2-5.vcxproj", "{9748F000-8FBD-488D-88DD-B474191BCE8A}"
EndProject
Project("{8BC9CEB8-8B4A-11D0-8D11-00A0C91BC942}") = "2-6", "2-6\2-6.vcxproj", "{A99F7FB2-EB95-492A-89C2-0F04B4915D55}"
EndProject
Project("{8BC9CEB8-8B4A-11D0-8D11-00A0C91BC942}") = "3-1", "3-1\3-1.vcxproj", "{14874DC1-CCD0-4078-8DA6-8D98AA5E6774}"
EndProject
Project("{8BC9CEB8-8B4A-11D0-8D11-00A0C91BC942}") = "3-2", "3-2\3-2.vcxproj", "{D4D5498A-BF5C-48AC-8BF7-1C22E0DEB7B9}"
EndProject
Project("{8BC9CEB8-8B4A-11D0-8D11-00A0C91BC942}") = "3-3", "3-3\3-3.vcxproj", "{0B399CEB-FEE5-4CD5-91D5-730037B187DE}"
EndProject
Project("{8BC9CEB8-8B4A-11D0-8D11-00A0C91BC942}") = "3-4", "3-4\3-4.vcxproj", "{A0E0D441-89DE-4E8C-9A23-A057EE436665}"
EndProject
Project("{8BC9CEB8-8B4A-11D0-8D11-00A0C91BC942}") = "3-5", "3-5\3-5.vcxproj", "{9CEF0045-8218-4044-8367-C81DD726923B}"
EndProject
Project("{8BC9CEB8-8B4A-11D0-8D11-00A0C91BC942}") = "3-6", "3-6\3-6.vcxproj", "{8AEAE4AC-AF19-4350-8E13-B6593C3C1641}"
EndProject
Project("{8BC9CEB8-8B4A-11D0-8D11-00A0C91BC942}") = "3-7", "3-7\3-7.vcxproj", "{9A361BF8-FA90-47C5-BCEB-58302C0803E8}"
EndProject
Project("{8BC9CEB8-8B4A-11D0-8D11-00A0C91BC942}") = "3-8", "3-8\3-8.vcxproj", "{9D2A08ED-9DB3-4765-BDC8-0206CFB0A292}"
EndProject
Project("{8BC9CEB8-8B4A-11D0-8D11-00A0C91BC942}") = "3-9", "3-9\3-9.vcxproj", "{FFDC5F24-DD8F-45FD-BAE9-1217DD86E6A1}"
EndProject
Project("{8BC9CEB8-8B4A-11D0-8D11-00A0C91BC942}") = "3-10", "3-10\3-10.vcxproj", "{A8CF9846-250D-4FBC-B78A-3FCEE65A0368}"
EndProject
Project("{8BC9CEB8-8B4A-11D0-8D11-00A0C91BC942}") = "3-11", "3-11\3-11.vcxproj", "{B5948DAF-69A0-491F-892B-76EEC9BE7EF7}"
EndProject
Project("{8BC9CEB8-8B4A-11D0-8D11-00A0C91BC942}") = "3-12", "3-12\3-12.vcxproj", "{79417E20-47D3-4381-BC57-FB44ACA1DFB3}"
EndProject
Project("{8BC9CEB8-8B4A-11D0-8D11-00A0C91BC942}") = "3-13", "3-13\3-13.vcxproj", "{9F707BCC-CAEE-4E50-B894-060DEBA328C0}"
EndProject
Project("{8BC9CEB8-8B4A-11D0-8D11-00A0C91BC942}") = "3-14", "3-14\3-14.vcxproj", "{D2B2498B-CE75-4FFB-B471-A528888E392F}"
EndProject
Project("{8BC9CEB8-8B4A-11D0-8D11-00A0C91BC942}") = "4-1", "4-1\4-1.vcxproj", "{DB6832EC-C4F4-4F8A-BDB9-1B6E8D51604E}"
EndProject
Project("{8BC9CEB8-8B4A-11D0-8D11-00A0C91BC942}") = "4-2", "4-2\4-2.vcxproj", "{C7146506-DFBC-4B70-AC1C-AD1E234E8175}"
EndProject
Project("{8BC9CEB8-8B4A-11D0-8D11-00A0C91BC942}") = "4-3", "4-3\4-3.vcxproj", "{5F41A576-F94C-4FED-92B6-AAB392A85311}"
EndProject
Project("{8BC9CEB8-8B4A-11D0-8D11-00A0C91BC942}") = "4-4", "4-4\4-4.vcxproj", "{A74541CB-B739-4DC1-A79D-656126AA9F43}"
EndProject
Project("{8BC9CEB8-8B4A-11D0-8D11-00A0C91BC942}") = "4-5", "4-5\4-5.vcxproj", "{DBDA0147-E02B-4EC2-BB8B-BE3C41D17B09}"
EndProject
Project("{8BC9CEB8-8B4A-11D0-8D11-00A0C91BC942}") = "4-6", "4-6\4-6.vcxproj", "{2C5B2AF9-26FE-40C3-A689-C63144212D89}"
EndProject
Project("{8BC9CEB8-8B4A-11D0-8D11-00A0C91BC942}") = "4-7", "4-7\4-7.vcxproj", "{596ACAA6-8021-42D7-9D84-7BC2BBC5C759}"
EndProject
Project("{8BC9CEB8-8B4A-11D0-8D11-00A0C91BC942}") = "4-8", "4-8\4-8.vcxproj", "{DEAF0B6F-B1BF-4EF4-9B16-6AFC375F754A}"
EndProject
Project("{8BC9CEB8-8B4A-11D0-8D11-00A0C91BC942}") = "4-9", "4-9\4-9.vcxproj", "{3292B12F-E176-447D-A82C-039355508F1A}"
EndProject
Project("{8BC9CEB8-8B4A-11D0-8D11-00A0C91BC942}") = "4-10", "4-10\4-10.vcxproj", "{D8A3E687-7648-472C-9877-16BBCD5FCC74}"
EndProject
Project("{8BC9CEB8-8B4A-11D0-8D11-00A0C91BC942}") = "4-11", "4-11\4-11.vcxproj", "{CE6F84CC-BB81-42F5-BE48-95E9BB1EAF51}"
EndProject
Project("{8BC9CEB8-8B4A-11D0-8D11-00A0C91BC942}") = "4-12", "4-12\4-12.vcxproj", "{DA3A6482-D941-4900-A33B-940171B3AFD1}"
EndProject
Project("{8BC9CEB8-8B4A-11D0-8D11-00A0C91BC942}") = "4-13", "4-13\4-13.vcxproj", "{9DA904CF-8313-47EE-958E-4F5FD404BE62}"
EndProject
Project("{8BC9CEB8-8B4A-11D0-8D11-00A0C91BC942}") = "4-14", "4-14\4-14.vcxproj", "{584D6C9B-ECF1-4BE2-986F-7C4D004B02B8}"
EndProject
Project("{8BC9CEB8-8B4A-11D0-8D11-00A0C91BC942}") = "4-15", "4-15\4-15.vcxproj", "{9D3785F9-B314-487D-95E3-084F4CD987EA}"
EndProject
Project("{8BC9CEB8-8B4A-11D0-8D11-00A0C91BC942}") = "4-16", "4-16\4-16.vcxproj", "{C5B62056-4E1F-417F-BDF4-546CE4E439D1}"
EndProject
Project("{8BC9CEB8-8B4A-11D0-8D11-00A0C91BC942}") = "4-17", "4-17\4-17.vcxproj", "{74344E54-2C0C-465F-AD26-E7308706840E}"
EndProject
Project("{8BC9CEB8-8B4A-11D0-8D11-00A0C91BC942}") = "4-18", "4-18\4-18.vcxproj", "{776DB5AD-FE48-4CA4-B08F-5B8FDA7D0A76}"
EndProject
Project("{8BC9CEB8-8B4A-11D0-8D11-00A0C91BC942}") = "4-19", "4-19\4-19.vcxproj", "{CE54D7D2-2520-4149-9277-6D543381C5C9}"
EndProject
Project("{8BC9CEB8-8B4A-11D0-8D11-00A0C91BC942}") = "4-20", "4-20\4-20.vcxproj", "{9BBC61D0-DE87-47C5-9B02-F09BB7BC9D30}"
EndProject
Global
	GlobalSection(SolutionConfigurationPlatforms) = preSolution
		Debug|x64 = Debug|x64
		Debug|x86 = Debug|x86
		Release|x64 = Release|x64
		Release|x86 = Release|x86
	EndGlobalSection
	GlobalSection(ProjectConfigurationPlatforms) = postSolution
		{812CE2C5-A5EB-40AE-B6D0-0F30B56B9E81}.Debug|x64.ActiveCfg = Debug|x64
		{812CE2C5-A5EB-40AE-B6D0-0F30B56B9E81}.Debug|x64.Build.0 = Debug|x64
		{812CE2C5-A5EB-40AE-B6D0-0F30B56B9E81}.Debug|x86.ActiveCfg = Debug|Win32
		{812CE2C5-A5EB-40AE-B6D0-0F30B56B9E81}.Debug|x86.Build.0 = Debug|Win32
		{812CE2C5-A5EB-40AE-B6D0-0F30B56B9E81}.Release|x64.ActiveCfg = Release|x64
		{812CE2C5-A5EB-40AE-B6D0-0F30B56B9E81}.Release|x64.Build.0 = Release|x64
		{812CE2C5-A5EB-40AE-B6D0-0F30B56B9E81}.Release|x86.ActiveCfg = Release|Win32
		{812CE2C5-A5EB-40AE-B6D0-0F30B56B9E81}.Release|x86.Build.0 = Release|Win32
		{E10C71DC-2B56-487E-AC3A-CDDCA9959C0D}.Debug|x64.ActiveCfg = Debug|x64
		{E10C71DC-2B56-487E-AC3A-CDDCA9959C0D}.Debug|x64.Build.0 = Debug|x64
		{E10C71DC-2B56-487E-AC3A-CDDCA9959C0D}.Debug|x86.ActiveCfg = Debug|Win32
		{E10C71DC-2B56-487E-AC3A-CDDCA9959C0D}.Debug|x86.Build.0 = Debug|Win32
		{E10C71DC-2B56-487E-AC3A-CDDCA9959C0D}.Release|x64.ActiveCfg = Release|x64
		{E10C71DC-2B56-487E-AC3A-CDDCA9959C0D}.Release|x64.Build.0 = Release|x64
		{E10C71DC-2B56-487E-AC3A-CDDCA9959C0D}.Release|x86.ActiveCfg = Release|Win32
		{E10C71DC-2B56-487E-AC3A-CDDCA9959C0D}.Release|x86.Build.0 = Release|Win32
		{2EEE3C12-8A52-45F1-94FF-DEACA8B4C77E}.Debug|x64.ActiveCfg = Debug|x64
		{2EEE3C12-8A52-45F1-94FF-DEACA8B4C77E}.Debug|x64.Build.0 = Debug|x64
		{2EEE3C12-8A52-45F1-94FF-DEACA8B4C77E}.Debug|x86.ActiveCfg = Debug|Win32
		{2EEE3C12-8A52-45F1-94FF-DEACA8B4C77E}.Debug|x86.Build.0 = Debug|Win32
		{2EEE3C12-8A52-45F1-94FF-DEACA8B4C77E}.Release|x64.ActiveCfg = Release|x64
		{2EEE3C12-8A52-45F1-94FF-DEACA8B4C77E}.Release|x64.Build.0 = Release|x64
		{2EEE3C12-8A52-45F1-94FF-DEACA8B4C77E}.Release|x86.ActiveCfg = Release|Win32
		{2EEE3C12-8A52-45F1-94FF-DEACA8B4C77E}.Release|x86.Build.0 = Release|Win32
		{9860E363-927F-4F9A-9C63-EA6E3E2A9CF8}.Debug|x64.ActiveCfg = Debug|x64
		{9860E363-927F-4F9A-9C63-EA6E3E2A9CF8}.Debug|x64.Build.0 = Debug|x64
		{9860E363-927F-4F9A-9C63-EA6E3E2A9CF8}.Debug|x86.ActiveCfg = Debug|Win32
		{9860E363-927F-4F9A-9C63-EA6E3E2A9CF8}.Debug|x86.Build.0 = Debug|Win32
		{9860E363-927F-4F9A-9C63-EA6E3E2A9CF8}.Release|x64.ActiveCfg = Release|x64
		{9860E363-927F-4F9A-9C63-EA6E3E2A9CF8}.Release|x64.Build.0 = Release|x64
		{9860E363-927F-4F9A-9C63-EA6E3E2A9CF8}.Release|x86.ActiveCfg = Release|Win32
		{9860E363-927F-4F9A-9C63-EA6E3E2A9CF8}.Release|x86.Build.0 = Release|Win32
		{9748F000-8FBD-488D-88DD-B474191BCE8A}.Debug|x64.ActiveCfg = Debug|x64
		{9748F000-8FBD-488D-88DD-B474191BCE8A}.Debug|x64.Build.0 = Debug|x64
		{9748F000-8FBD-488D-88DD-B474191BCE8A}.Debug|x86.ActiveCfg = Debug|Win32
		{9748F000-8FBD-488D-88DD-B474191BCE8A}.Debug|x86.Build.0 = Debug|Win32
		{9748F000-8FBD-488D-88DD-B474191BCE8A}.Release|x64.ActiveCfg = Release|x64
		{9748F000-8FBD-488D-88DD-B474191BCE8A}.Release|x64.Build.0 = Release|x64
		{9748F000-8FBD-488D-88DD-B474191BCE8A}.Release|x86.ActiveCfg = Release|Win32
		{9748F000-8FBD-488D-88DD-B474191BCE8A}.Release|x86.Build.0 = Release|Win32
		{A99F7FB2-EB95-492A-89C2-0F04B4915D55}.Debug|x64.ActiveCfg = Debug|x64
		{A99F7FB2-EB95-492A-89C2-0F04B4915D55}.Debug|x64.Build.0 = Debug|x64
		{A99F7FB2-EB95-492A-89C2-0F04B4915D55}.Debug|x86.ActiveCfg = Debug|Win32
		{A99F7FB2-EB95-492A-89C2-0F04B4915D55}.Debug|x86.Build.0 = Debug|Win32
		{A99F7FB2-EB95-492A-89C2-0F04B4915D55}.Release|x64.ActiveCfg = Release|x64
		{A99F7FB2-EB95-492A-89C2-0F04B4915D55}.Release|x64.Build.0 = Release|x64
		{A99F7FB2-EB95-492A-89C2-0F04B4915D55}.Release|x86.ActiveCfg = Release|Win32
		{A99F7FB2-EB95-492A-89C2-0F04B4915D55}.Release|x86.Build.0 = Release|Win32
		{14874DC1-CCD0-4078-8DA6-8D98AA5E6774}.Debug|x64.ActiveCfg = Debug|x64
		{14874DC1-CCD0-4078-8DA6-8D98AA5E6774}.Debug|x64.Build.0 = Debug|x64
		{14874DC1-CCD0-4078-8DA6-8D98AA5E6774}.Debug|x86.ActiveCfg = Debug|Win32
		{14874DC1-CCD0-4078-8DA6-8D98AA5E6774}.Debug|x86.Build.0 = Debug|Win32
		{14874DC1-CCD0-4078-8DA6-8D98AA5E6774}.Release|x64.ActiveCfg = Release|x64
		{14874DC1-CCD0-4078-8DA6-8D98AA5E6774}.Release|x64.Build.0 = Release|x64
		{14874DC1-CCD0-4078-8DA6-8D98AA5E6774}.Release|x86.ActiveCfg = Release|Win32
		{14874DC1-CCD0-4078-8DA6-8D98AA5E6774}.Release|x86.Build.0 = Release|Win32
		{D4D5498A-BF5C-48AC-8BF7-1C22E0DEB7B9}.Debug|x64.ActiveCfg = Debug|x64
		{D4D5498A-BF5C-48AC-8BF7-1C22E0DEB7B9}.Debug|x64.Build.0 = Debug|x64
		{D4D5498A-BF5C-48AC-8BF7-1C22E0DEB7B9}.Debug|x86.ActiveCfg = Debug|Win32
		{D4D5498A-BF5C-48AC-8BF7-1C22E0DEB7B9}.Debug|x86.Build.0 = Debug|Win32
		{D4D5498A-BF5C-48AC-8BF7-1C22E0DEB7B9}.Release|x64.ActiveCfg = Release|x64
		{D4D5498A-BF5C-48AC-8BF7-1C22E0DEB7B9}.Release|x64.Build.0 = Release|x64
		{D4D5498A-BF5C-48AC-8BF7-1C22E0DEB7B9}.Release|x86.ActiveCfg = Release|Win32
		{D4D5498A-BF5C-48AC-8BF7-1C22E0DEB7B9}.Release|x86.Build.0 = Release|Win32
		{0B399CEB-FEE5-4CD5-91D5-730037B187DE}.Debug|x64.ActiveCfg = Debug|x64
		{0B399CEB-FEE5-4CD5-91D5-730037B187DE}.Debug|x64.Build.0 = Debug|x64
		{0B399CEB-FEE5-4CD5-91D5-730037B187DE}.Debug|x86.ActiveCfg = Debug|Win32
		{0B399CEB-FEE5-4CD5-91D5-730037B187DE}.Debug|x86.Build.0 = Debug|Win32
		{0B399CEB-FEE5-4CD5-91D5-730037B187DE}.Release|x64.ActiveCfg = Release|x64
		{0B399CEB-FEE5-4CD5-91D5-730037B187DE}.Release|x64.Build.0 = Release|x64
		{0B399CEB-FEE5-4CD5-91D5-730037B187DE}.Release|x86.ActiveCfg = Release|Win32
		{0B399CEB-FEE5-4CD5-91D5-730037B187DE}.Release|x86.Build.0 = Release|Win32
		{A0E0D441-89DE-4E8C-9A23-A057EE436665}.Debug|x64.ActiveCfg = Debug|x64
		{A0E0D441-89DE-4E8C-9A23-A057EE436665}.Debug|x64.Build.0 = Debug|x64
		{A0E0D441-89DE-4E8C-9A23-A057EE436665}.Debug|x86.ActiveCfg = Debug|Win32
		{A0E0D441-89DE-4E8C-9A23-A057EE436665}.Debug|x86.Build.0 = Debug|Win32
		{A0E0D441-89DE-4E8C-9A23-A057EE436665}.Release|x64.ActiveCfg = Release|x64
		{A0E0D441-89DE-4E8C-9A23-A057EE436665}.Release|x64.Build.0 = Release|x64
		{A0E0D441-89DE-4E8C-9A23-A057EE436665}.Release|x86.ActiveCfg = Release|Win32
		{A0E0D441-89DE-4E8C-9A23-A057EE436665}.Release|x86.Build.0 = Release|Win32
		{9CEF0045-8218-4044-8367-C81DD726923B}.Debug|x64.ActiveCfg = Debug|x64
		{9CEF0045-8218-4044-8367-C81DD726923B}.Debug|x64.Build.0 = Debug|x64
		{9CEF0045-8218-4044-8367-C81DD726923B}.Debug|x86.ActiveCfg = Debug|Win32
		{9CEF0045-8218-4044-8367-C81DD726923B}.Debug|x86.Build.0 = Debug|Win32
		{9CEF0045-8218-4044-8367-C81DD726923B}.Release|x64.ActiveCfg = Release|x64
		{9CEF0045-8218-4044-8367-C81DD726923B}.Release|x64.Build.0 = Release|x64
		{9CEF0045-8218-4044-8367-C81DD726923B}.Release|x86.ActiveCfg = Release|Win32
		{9CEF0045-8218-4044-8367-C81DD726923B}.Release|x86.Build.0 = Release|Win32
		{8AEAE4AC-AF19-4350-8E13-B6593C3C1641}.Debug|x64.ActiveCfg = Debug|x64
		{8AEAE4AC-AF19-4350-8E13-B6593C3C1641}.Debug|x64.Build.0 = Debug|x64
		{8AEAE4AC-AF19-4350-8E13-B6593C3C1641}.Debug|x86.ActiveCfg = Debug|Win32
		{8AEAE4AC-AF19-4350-8E13-B6593C3C1641}.Debug|x86.Build.0 = Debug|Win32
		{8AEAE4AC-AF19-4350-8E13-B6593C3C1641}.Release|x64.ActiveCfg = Release|x64
		{8AEAE4AC-AF19-4350-8E13-B6593C3C1641}.Release|x64.Build.0 = Release|x64
		{8AEAE4AC-AF19-4350-8E13-B6593C3C1641}.Release|x86.ActiveCfg = Release|Win32
		{8AEAE4AC-AF19-4350-8E13-B6593C3C1641}.Release|x86.Build.0 = Release|Win32
		{9A361BF8-FA90-47C5-BCEB-58302C0803E8}.Debug|x64.ActiveCfg = Debug|x64
		{9A361BF8-FA90-47C5-BCEB-58302C0803E8}.Debug|x64.Build.0 = Debug|x64
		{9A361BF8-FA90-47C5-BCEB-58302C0803E8}.Debug|x86.ActiveCfg = Debug|Win32
		{9A361BF8-FA90-47C5-BCEB-58302C0803E8}.Debug|x86.Build.0 = Debug|Win32
		{9A361BF8-FA90-47C5-BCEB-58302C0803E8}.Release|x64.ActiveCfg = Release|x64
		{9A361BF8-FA90-47C5-BCEB-58302C0803E8}.Release|x64.Build.0 = Release|x64
		{9A361BF8-FA90-47C5-BCEB-58302C0803E8}.Release|x86.ActiveCfg = Release|Win32
		{9A361BF8-FA90-47C5-BCEB-58302C0803E8}.Release|x86.Build.0 = Release|Win32
		{9D2A08ED-9DB3-4765-BDC8-0206CFB0A292}.Debug|x64.ActiveCfg = Debug|x64
		{9D2A08ED-9DB3-4765-BDC8-0206CFB0A292}.Debug|x64.Build.0 = Debug|x64
		{9D2A08ED-9DB3-4765-BDC8-0206CFB0A292}.Debug|x86.ActiveCfg = Debug|Win32
		{9D2A08ED-9DB3-4765-BDC8-0206CFB0A292}.Debug|x86.Build.0 = Debug|Win32
		{9D2A08ED-9DB3-4765-BDC8-0206CFB0A292}.Release|x64.ActiveCfg = Release|x64
		{9D2A08ED-9DB3-4765-BDC8-0206CFB0A292}.Release|x64.Build.0 = Release|x64
		{9D2A08ED-9DB3-4765-BDC8-0206CFB0A292}.Release|x86.ActiveCfg = Release|Win32
		{9D2A08ED-9DB3-4765-BDC8-0206CFB0A292}.Release|x86.Build.0 = Release|Win32
		{FFDC5F24-DD8F-45FD-BAE9-1217DD86E6A1}.Debug|x64.ActiveCfg = Debug|x64
		{FFDC5F24-DD8F-45FD-BAE9-1217DD86E6A1}.Debug|x64.Build.0 = Debug|x64
		{FFDC5F24-DD8F-45FD-BAE9-1217DD86E6A1}.Debug|x86.ActiveCfg = Debug|Win32
		{FFDC5F24-DD8F-45FD-BAE9-1217DD86E6A1}.Debug|x86.Build.0 = Debug|Win32
		{FFDC5F24-DD8F-45FD-BAE9-1217DD86E6A1}.Release|x64.ActiveCfg = Release|x64
		{FFDC5F24-DD8F-45FD-BAE9-1217DD86E6A1}.Release|x64.Build.0 = Release|x64
		{FFDC5F24-DD8F-45FD-BAE9-1217DD86E6A1}.Release|x86.ActiveCfg = Release|Win32
		{FFDC5F24-DD8F-45FD-BAE9-1217DD86E6A1}.Release|x86.Build.0 = Release|Win32
		{A8CF9846-250D-4FBC-B78A-3FCEE65A0368}.Debug|x64.ActiveCfg = Debug|x64
		{A8CF9846-250D-4FBC-B78A-3FCEE65A0368}.Debug|x64.Build.0 = Debug|x64
		{A8CF9846-250D-4FBC-B78A-3FCEE65A0368}.Debug|x86.ActiveCfg = Debug|Win32
		{A8CF9846-250D-4FBC-B78A-3FCEE65A0368}.Debug|x86.Build.0 = Debug|Win32
		{A8CF9846-250D-4FBC-B78A-3FCEE65A0368}.Release|x64.ActiveCfg = Release|x64
		{A8CF9846-250D-4FBC-B78A-3FCEE65A0368}.Release|x64.Build.0 = Release|x64
		{A8CF9846-250D-4FBC-B78A-3FCEE65A0368}.Release|x86.ActiveCfg = Release|Win32
		{A8CF9846-250D-4FBC-B78A-3FCEE65A0368}.Release|x86.Build.0 = Release|Win32
		{B5948DAF-69A0-491F-892B-76EEC9BE7EF7}.Debug|x64.ActiveCfg = Debug|x64
		{B5948DAF-69A0-491F-892B-76EEC9BE7EF7}.Debug|x64.Build.0 = Debug|x64
		{B5948DAF-69A0-491F-892B-76EEC9BE7EF7}.Debug|x86.ActiveCfg = Debug|Win32
		{B5948DAF-69A0-491F-892B-76EEC9BE7EF7}.Debug|x86.Build.0 = Debug|Win32
		{B5948DAF-69A0-491F-892B-76EEC9BE7EF7}.Release|x64.ActiveCfg = Release|x64
		{B5948DAF-69A0-491F-892B-76EEC9BE7EF7}.Release|x64.Build.0 = Release|x64
		{B5948DAF-69A0-491F-892B-76EEC9BE7EF7}.Release|x86.ActiveCfg = Release|Win32
		{B5948DAF-69A0-491F-892B-76EEC9BE7EF7}.Release|x86.Build.0 = Release|Win32
		{79417E20-47D3-4381-BC57-FB44ACA1DFB3}.Debug|x64.ActiveCfg = Debug|x64
		{79417E20-47D3-4381-BC57-FB44ACA1DFB3}.Debug|x64.Build.0 = Debug|x64
		{79417E20-47D3-4381-BC57-FB44ACA1DFB3}.Debug|x86.ActiveCfg = Debug|Win32
		{79417E20-47D3-4381-BC57-FB44ACA1DFB3}.Debug|x86.Build.0 = Debug|Win32
		{79417E20-47D3-4381-BC57-FB44ACA1DFB3}.Release|x64.ActiveCfg = Release|x64
		{79417E20-47D3-4381-BC57-FB44ACA1DFB3}.Release|x64.Build.0 = Release|x64
		{79417E20-47D3-4381-BC57-FB44ACA1DFB3}.Release|x86.ActiveCfg = Release|Win32
		{79417E20-47D3-4381-BC57-FB44ACA1DFB3}.Release|x86.Build.0 = Release|Win32
		{9F707BCC-CAEE-4E50-B894-060DEBA328C0}.Debug|x64.ActiveCfg = Debug|x64
		{9F707BCC-CAEE-4E50-B894-060DEBA328C0}.Debug|x64.Build.0 = Debug|x64
		{9F707BCC-CAEE-4E50-B894-060DEBA328C0}.Debug|x86.ActiveCfg = Debug|Win32
		{9F707BCC-CAEE-4E50-B894-060DEBA328C0}.Debug|x86.Build.0 = Debug|Win32
		{9F707BCC-CAEE-4E50-B894-060DEBA328C0}.Release|x64.ActiveCfg = Release|x64
		{9F707BCC-CAEE-4E50-B894-060DEBA328C0}.Release|x64.Build.0 = Release|x64
		{9F707BCC-CAEE-4E50-B894-060DEBA328C0}.Release|x86.ActiveCfg = Release|Win32
		{9F707BCC-CAEE-4E50-B894-060DEBA328C0}.Release|x86.Build.0 = Release|Win32
		{D2B2498B-CE75-4FFB-B471-A528888E392F}.Debug|x64.ActiveCfg = Debug|x64
		{D2B2498B-CE75-4FFB-B471-A528888E392F}.Debug|x64.Build.0 = Debug|x64
		{D2B2498B-CE75-4FFB-B471-A528888E392F}.Debug|x86.ActiveCfg = Debug|Win32
		{D2B2498B-CE75-4FFB-B471-A528888E392F}.Debug|x86.Build.0 = Debug|Win32
		{D2B2498B-CE75-4FFB-B471-A528888E392F}.Release|x64.ActiveCfg = Release|x64
		{D2B2498B-CE75-4FFB-B471-A528888E392F}.Release|x64.Build.0 = Release|x64
		{D2B2498B-CE75-4FFB-B471-A528888E392F}.Release|x86.ActiveCfg = Release|Win32
		{D2B2498B-CE75-4FFB-B471-A528888E392F}.Release|x86.Build.0 = Release|Win32
		{DB6832EC-C4F4-4F8A-BDB9-1B6E8D51604E}.Debug|x64.ActiveCfg = Debug|x64
		{DB6832EC-C4F4-4F8A-BDB9-1B6E8D51604E}.Debug|x64.Build.0 = Debug|x64
		{DB6832EC-C4F4-4F8A-BDB9-1B6E8D51604E}.Debug|x86.ActiveCfg = Debug|Win32
		{DB6832EC-C4F4-4F8A-BDB9-1B6E8D51604E}.Debug|x86.Build.0 = Debug|Win32
		{DB6832EC-C4F4-4F8A-BDB9-1B6E8D51604E}.Release|x64.ActiveCfg = Release|x64
		{DB6832EC-C4F4-4F8A-BDB9-1B6E8D51604E}.Release|x64.Build.0 = Release|x64
		{DB6832EC-C4F4-4F8A-BDB9-1B6E8D51604E}.Release|x86.ActiveCfg = Release|Win32
		{DB6832EC-C4F4-4F8A-BDB9-1B6E8D51604E}.Release|x86.Build.0 = Release|Win32
		{C7146506-DFBC-4B70-AC1C-AD1E234E8175}.Debug|x64.ActiveCfg = Debug|x64
		{C7146506-DFBC-4B70-AC1C-AD1E234E8175}.Debug|x64.Build.0 = Debug|x64
		{C7146506-DFBC-4B70-AC1C-AD1E234E8175}.Debug|x86.ActiveCfg = Debug|Win32
		{C7146506-DFBC-4B70-AC1C-AD1E234E8175}.Debug|x86.Build.0 = Debug|Win32
		{C7146506-DFBC-4B70-AC1C-AD1E234E8175}.Release|x64.ActiveCfg = Release|x64
		{C7146506-DFBC-4B70-AC1C-AD1E234E8175}.Release|x64.Build.0 = Release|x64
		{C7146506-DFBC-4B70-AC1C-AD1E234E8175}.Release|x86.ActiveCfg = Release|Win32
		{C7146506-DFBC-4B70-AC1C-AD1E234E8175}.Release|x86.Build.0 = Release|Win32
		{5F41A576-F94C-4FED-92B6-AAB392A85311}.Debug|x64.ActiveCfg = Debug|x64
		{5F41A576-F94C-4FED-92B6-AAB392A85311}.Debug|x64.Build.0 = Debug|x64
		{5F41A576-F94C-4FED-92B6-AAB392A85311}.Debug|x86.ActiveCfg = Debug|Win32
		{5F41A576-F94C-4FED-92B6-AAB392A85311}.Debug|x86.Build.0 = Debug|Win32
		{5F41A576-F94C-4FED-92B6-AAB392A85311}.Release|x64.ActiveCfg = Release|x64
		{5F41A576-F94C-4FED-92B6-AAB392A85311}.Release|x64.Build.0 = Release|x64
		{5F41A576-F94C-4FED-92B6-AAB392A85311}.Release|x86.ActiveCfg = Release|Win32
		{5F41A576-F94C-4FED-92B6-AAB392A85311}.Release|x86.Build.0 = Release|Win32
		{A74541CB-B739-4DC1-A79D-656126AA9F43}.Debug|x64.ActiveCfg = Debug|x64
		{A74541CB-B739-4DC1-A79D-656126AA9F43}.Debug|x64.Build.0 = Debug|x64
		{A74541CB-B739-4DC1-A79D-656126AA9F43}.Debug|x86.ActiveCfg = Debug|Win32
		{A74541CB-B739-4DC1-A79D-656126AA9F43}.Debug|x86.Build.0 = Debug|Win32
		{A74541CB-B739-4DC1-A79D-656126AA9F43}.Release|x64.ActiveCfg = Release|x64
		{A74541CB-B739-4DC1-A79D-656126AA9F43}.Release|x64.Build.0 = Release|x64
		{A74541CB-B739-4DC1-A79D-656126AA9F43}.Release|x86.ActiveCfg = Release|Win32
		{A74541CB-B739-4DC1-A79D-656126AA9F43}.Release|x86.Build.0 = Release|Win32
		{DBDA0147-E02B-4EC2-BB8B-BE3C41D17B09}.Debug|x64.ActiveCfg = Debug|x64
		{DBDA0147-E02B-4EC2-BB8B-BE3C41D17B09}.Debug|x64.Build.0 = Debug|x64
		{DBDA0147-E02B-4EC2-BB8B-BE3C41D17B09}.Debug|x86.ActiveCfg = Debug|Win32
		{DBDA0147-E02B-4EC2-BB8B-BE3C41D17B09}.Debug|x86.Build.0 = Debug|Win32
		{DBDA0147-E02B-4EC2-BB8B-BE3C41D17B09}.Release|x64.ActiveCfg = Release|x64
		{DBDA0147-E02B-4EC2-BB8B-BE3C41D17B09}.Release|x64.Build.0 = Release|x64
		{DBDA0147-E02B-4EC2-BB8B-BE3C41D17B09}.Release|x86.ActiveCfg = Release|Win32
		{DBDA0147-E02B-4EC2-BB8B-BE3C41D17B09}.Release|x86.Build.0 = Release|Win32
		{2C5B2AF9-26FE-40C3-A689-C63144212D89}.Debug|x64.ActiveCfg = Debug|x64
		{2C5B2AF9-26FE-40C3-A689-C63144212D89}.Debug|x64.Build.0 = Debug|x64
		{2C5B2AF9-26FE-40C3-A689-C63144212D89}.Debug|x86.ActiveCfg = Debug|Win32
		{2C5B2AF9-26FE-40C3-A689-C63144212D89}.Debug|x86.Build.0 = Debug|Win32
		{2C5B2AF9-26FE-40C3-A689-C63144212D89}.Release|x64.ActiveCfg = Release|x64
		{2C5B2AF9-26FE-40C3-A689-C63144212D89}.Release|x64.Build.0 = Release|x64
		{2C5B2AF9-26FE-40C3-A689-C63144212D89}.Release|x86.ActiveCfg = Release|Win32
		{2C5B2AF9-26FE-40C3-A689-C63144212D89}.Release|x86.Build.0 = Release|Win32
		{596ACAA6-8021-42D7-9D84-7BC2BBC5C759}.Debug|x64.ActiveCfg = Debug|x64
		{596ACAA6-8021-42D7-9D84-7BC2BBC5C759}.Debug|x64.Build.0 = Debug|x64
		{596ACAA6-8021-42D7-9D84-7BC2BBC5C759}.Debug|x86.ActiveCfg = Debug|Win32
		{596ACAA6-8021-42D7-9D84-7BC2BBC5C759}.Debug|x86.Build.0 = Debug|Win32
		{596ACAA6-8021-42D7-9D84-7BC2BBC5C759}.Release|x64.ActiveCfg = Release|x64
		{596ACAA6-8021-42D7-9D84-7BC2BBC5C759}.Release|x64.Build.0 = Release|x64
		{596ACAA6-8021-42D7-9D84-7BC2BBC5C759}.Release|x86.ActiveCfg = Release|Win32
		{596ACAA6-8021-42D7-9D84-7BC2BBC5C759}.Release|x86.Build.0 = Release|Win32
		{DEAF0B6F-B1BF-4EF4-9B16-6AFC375F754A}.Debug|x64.ActiveCfg = Debug|x64
		{DEAF0B6F-B1BF-4EF4-9B16-6AFC375F754A}.Debug|x64.Build.0 = Debug|x64
		{DEAF0B6F-B1BF-4EF4-9B16-6AFC375F754A}.Debug|x86.ActiveCfg = Debug|Win32
		{DEAF0B6F-B1BF-4EF4-9B16-6AFC375F754A}.Debug|x86.Build.0 = Debug|Win32
		{DEAF0B6F-B1BF-4EF4-9B16-6AFC375F754A}.Release|x64.ActiveCfg = Release|x64
		{DEAF0B6F-B1BF-4EF4-9B16-6AFC375F754A}.Release|x64.Build.0 = Release|x64
		{DEAF0B6F-B1BF-4EF4-9B16-6AFC375F754A}.Release|x86.ActiveCfg = Release|Win32
		{DEAF0B6F-B1BF-4EF4-9B16-6AFC375F754A}.Release|x86.Build.0 = Release|Win32
		{3292B12F-E176-447D-A82C-039355508F1A}.Debug|x64.ActiveCfg = Debug|x64
		{3292B12F-E176-447D-A82C-039355508F1A}.Debug|x64.Build.0 = Debug|x64
		{3292B12F-E176-447D-A82C-039355508F1A}.Debug|x86.ActiveCfg = Debug|Win32
		{3292B12F-E176-447D-A82C-039355508F1A}.Debug|x86.Build.0 = Debug|Win32
		{3292B12F-E176-447D-A82C-039355508F1A}.Release|x64.ActiveCfg = Release|x64
		{3292B12F-E176-447D-A82C-039355508F1A}.Release|x64.Build.0 = Release|x64
		{3292B12F-E176-447D-A82C-039355508F1A}.Release|x86.ActiveCfg = Release|Win32
		{3292B12F-E176-447D-A82C-039355508F1A}.Release|x86.Build.0 = Release|Win32
		{D8A3E687-7648-472C-9877-16BBCD5FCC74}.Debug|x64.ActiveCfg = Debug|x64
		{D8A3E687-7648-472C-9877-16BBCD5FCC74}.Debug|x64.Build.0 = Debug|x64
		{D8A3E687-7648-472C-9877-16BBCD5FCC74}.Debug|x86.ActiveCfg = Debug|Win32
		{D8A3E687-7648-472C-9877-16BBCD5FCC74}.Debug|x86.Build.0 = Debug|Win32
		{D8A3E687-7648-472C-9877-16BBCD5FCC74}.Release|x64.ActiveCfg = Release|x64
		{D8A3E687-7648-472C-9877-16BBCD5FCC74}.Release|x64.Build.0 = Release|x64
		{D8A3E687-7648-472C-9877-16BBCD5FCC74}.Release|x86.ActiveCfg = Release|Win32
		{D8A3E687-7648-472C-9877-16BBCD5FCC74}.Release|x86.Build.0 = Release|Win32
		{CE6F84CC-BB81-42F5-BE48-95E9BB1EAF51}.Debug|x64.ActiveCfg = Debug|x64
		{CE6F84CC-BB81-42F5-BE48-95E9BB1EAF51}.Debug|x64.Build.0 = Debug|x64
		{CE6F84CC-BB81-42F5-BE48-95E9BB1EAF51}.Debug|x86.ActiveCfg = Debug|Win32
		{CE6F84CC-BB81-42F5-BE48-95E9BB1EAF51}.Debug|x86.Build.0 = Debug|Win32
		{CE6F84CC-BB81-42F5-BE48-95E9BB1EAF51}.Release|x64.ActiveCfg = Release|x64
		{CE6F84CC-BB81-42F5-BE48-95E9BB1EAF51}.Release|x64.Build.0 = Release|x64
		{CE6F84CC-BB81-42F5-BE48-95E9BB1EAF51}.Release|x86.ActiveCfg = Release|Win32
		{CE6F84CC-BB81-42F5-BE48-95E9BB1EAF51}.Release|x86.Build.0 = Release|Win32
		{DA3A6482-D941-4900-A33B-940171B3AFD1}.Debug|x64.ActiveCfg = Debug|x64
		{DA3A6482-D941-4900-A33B-940171B3AFD1}.Debug|x64.Build.0 = Debug|x64
		{DA3A6482-D941-4900-A33B-940171B3AFD1}.Debug|x86.ActiveCfg = Debug|Win32
		{DA3A6482-D941-4900-A33B-940171B3AFD1}.Debug|x86.Build.0 = Debug|Win32
		{DA3A6482-D941-4900-A33B-940171B3AFD1}.Release|x64.ActiveCfg = Release|x64
		{DA3A6482-D941-4900-A33B-940171B3AFD1}.Release|x64.Build.0 = Release|x64
		{DA3A6482-D941-4900-A33B-940171B3AFD1}.Release|x86.ActiveCfg = Release|Win32
		{DA3A6482-D941-4900-A33B-940171B3AFD1}.Release|x86.Build.0 = Release|Win32
		{9DA904CF-8313-47EE-958E-4F5FD404BE62}.Debug|x64.ActiveCfg = Debug|x64
		{9DA904CF-8313-47EE-958E-4F5FD404BE62}.Debug|x64.Build.0 = Debug|x64
		{9DA904CF-8313-47EE-958E-4F5FD404BE62}.Debug|x86.ActiveCfg = Debug|Win32
		{9DA904CF-8313-47EE-958E-4F5FD404BE62}.Debug|x86.Build.0 = Debug|Win32
		{9DA904CF-8313-47EE-958E-4F5FD404BE62}.Release|x64.ActiveCfg = Release|x64
		{9DA904CF-8313-47EE-958E-4F5FD404BE62}.Release|x64.Build.0 = Release|x64
		{9DA904CF-8313-47EE-958E-4F5FD404BE62}.Release|x86.ActiveCfg = Release|Win32
		{9DA904CF-8313-47EE-958E-4F5FD404BE62}.Release|x86.Build.0 = Release|Win32
		{584D6C9B-ECF1-4BE2-986F-7C4D004B02B8}.Debug|x64.ActiveCfg = Debug|x64
		{584D6C9B-ECF1-4BE2-986F-7C4D004B02B8}.Debug|x64.Build.0 = Debug|x64
		{584D6C9B-ECF1-4BE2-986F-7C4D004B02B8}.Debug|x86.ActiveCfg = Debug|Win32
		{584D6C9B-ECF1-4BE2-986F-7C4D004B02B8}.Debug|x86.Build.0 = Debug|Win32
		{584D6C9B-ECF1-4BE2-986F-7C4D004B02B8}.Release|x64.ActiveCfg = Release|x64
		{584D6C9B-ECF1-4BE2-986F-7C4D004B02B8}.Release|x64.Build.0 = Release|x64
		{584D6C9B-ECF1-4BE2-986F-7C4D004B02B8}.Release|x86.ActiveCfg = Release|Win32
		{584D6C9B-ECF1-4BE2-986F-7C4D004B02B8}.Release|x86.Build.0 = Release|Win32
		{9D3785F9-B314-487D-95E3-084F4CD987EA}.Debug|x64.ActiveCfg = Debug|x64
		{9D3785F9-B314-487D-95E3-084F4CD987EA}.Debug|x64.Build.0 = Debug|x64
		{9D3785F9-B314-487D-95E3-084F4CD987EA}.Debug|x86.ActiveCfg = Debug|Win32
		{9D3785F9-B314-487D-95E3-084F4CD987EA}.Debug|x86.Build.0 = Debug|Win32
		{9D3785F9-B314-487D-95E3-084F4CD987EA}.Release|x64.ActiveCfg = Release|x64
		{9D3785F9-B314-487D-95E3-084F4CD987EA}.Release|x64.Build.0 = Release|x64
		{9D3785F9-B314-487D-95E3-084F4CD987EA}.Release|x86.ActiveCfg = Release|Win32
		{9D3785F9-B314-487D-95E3-084F4CD987EA}.Release|x86.Build.0 = Release|Win32
		{C5B62056-4E1F-417F-BDF4-546CE4E439D1}.Debug|x64.ActiveCfg = Debug|x64
		{C5B62056-4E1F-417F-BDF4-546CE4E439D1}.Debug|x64.Build.0 = Debug|x64
		{C5B62056-4E1F-417F-BDF4-546CE4E439D1}.Debug|x86.ActiveCfg = Debug|Win32
		{C5B62056-4E1F-417F-BDF4-546CE4E439D1}.Debug|x86.Build.0 = Debug|Win32
		{C5B62056-4E1F-417F-BDF4-546CE4E439D1}.Release|x64.ActiveCfg = Release|x64
		{C5B62056-4E1F-417F-BDF4-546CE4E439D1}.Release|x64.Build.0 = Release|x64
		{C5B62056-4E1F-417F-BDF4-546CE4E439D1}.Release|x86.ActiveCfg = Release|Win32
		{C5B62056-4E1F-417F-BDF4-546CE4E439D1}.Release|x86.Build.0 = Release|Win32
		{74344E54-2C0C-465F-AD26-E7308706840E}.Debug|x64.ActiveCfg = Debug|x64
		{74344E54-2C0C-465F-AD26-E7308706840E}.Debug|x64.Build.0 = Debug|x64
		{74344E54-2C0C-465F-AD26-E7308706840E}.Debug|x86.ActiveCfg = Debug|Win32
		{74344E54-2C0C-465F-AD26-E7308706840E}.Debug|x86.Build.0 = Debug|Win32
		{74344E54-2C0C-465F-AD26-E7308706840E}.Release|x64.ActiveCfg = Release|x64
		{74344E54-2C0C-465F-AD26-E7308706840E}.Release|x64.Build.0 = Release|x64
		{74344E54-2C0C-465F-AD26-E7308706840E}.Release|x86.ActiveCfg = Release|Win32
		{74344E54-2C0C-465F-AD26-E7308706840E}.Release|x86.Build.0 = Release|Win32
		{776DB5AD-FE48-4CA4-B08F-5B8FDA7D0A76}.Debug|x64.ActiveCfg = Debug|x64
		{776DB5AD-FE48-4CA4-B08F-5B8FDA7D0A76}.Debug|x64.Build.0 = Debug|x64
		{776DB5AD-FE48-4CA4-B08F-5B8FDA7D0A76}.Debug|x86.ActiveCfg = Debug|Win32
		{776DB5AD-FE48-4CA4-B08F-5B8FDA7D0A76}.Debug|x86.Build.0 = Debug|Win32
		{776DB5AD-FE48-4CA4-B08F-5B8FDA7D0A76}.Release|x64.ActiveCfg = Release|x64
		{776DB5AD-FE48-4CA4-B08F-5B8FDA7D0A76}.Release|x64.Build.0 = Release|x64
		{776DB5AD-FE48-4CA4-B08F-5B8FDA7D0A76}.Release|x86.ActiveCfg = Release|Win32
		{776DB5AD-FE48-4CA4-B08F-5B8FDA7D0A76}.Release|x86.Build.0 = Release|Win32
		{CE54D7D2-2520-4149-9277-6D543381C5C9}.Debug|x64.ActiveCfg = Debug|x64
		{CE54D7D2-2520-4149-9277-6D543381C5C9}.Debug|x64.Build.0 = Debug|x64
		{CE54D7D2-2520-4149-9277-6D543381C5C9}.Debug|x86.ActiveCfg = Debug|Win32
		{CE54D7D2-2520-4149-9277-6D543381C5C9}.Debug|x86.Build.0 = Debug|Win32
		{CE54D7D2-2520-4149-9277-6D543381C5C9}.Release|x64.ActiveCfg = Release|x64
		{CE54D7D2-2520-4149-9277-6D543381C5C9}.Release|x64.Build.0 = Release|x64
		{CE54D7D2-2520-4149-9277-6D543381C5C9}.Release|x86.ActiveCfg = Release|Win32
		{CE54D7D2-2520-4149-9277-6D543381C5C9}.Release|x86.Build.0 = Release|Win32
		{9BBC61D0-DE87-47C5-9B02-F09BB7BC9D30}.Debug|x64.ActiveCfg = Debug|x64
		{9BBC61D0-DE87-47C5-9B02-F09BB7BC9D30}.Debug|x64.Build.0 = Debug|x64
		{9BBC61D0-DE87-47C5-9B02-F09BB7BC9D30}.Debug|x86.ActiveCfg = Debug|Win32
		{9BBC61D0-DE87-47C5-9B02-F09BB7BC9D30}.Debug|x86.Build.0 = Debug|Win32
		{9BBC61D0-DE87-47C5-9B02-F09BB7BC9D30}.Release|x64.ActiveCfg = Release|x64
		{9BBC61D0-DE87-47C5-9B02-F09BB7BC9D30}.Release|x64.Build.0 = Release|x64
		{9BBC61D0-DE87-47C5-9B02-F09BB7BC9D30}.Release|x86.ActiveCfg = Release|Win32
		{9BBC61D0-DE87-47C5-9B02-F09BB7BC9D30}.Release|x86.Build.0 = Release|Win32
	EndGlobalSection
	GlobalSection(SolutionProperties) = preSolution
		HideSolutionNode = FALSE
	EndGlobalSection
EndGlobal
